// !$*UTF8*$!
{
	archiveVersion = 1;
	classes = {
	};
	objectVersion = 56;
	objects = {

/* Begin PBXBuildFile section */
		5D2E56872AC86DAE0039ADB5 /* ProjectsListFeature.swift in Sources */ = {isa = PBXBuildFile; fileRef = 5D2E56862AC86DAE0039ADB5 /* ProjectsListFeature.swift */; };
		5D4EDBA029E1E0F300DC8D43 /* TimeKeepApp.swift in Sources */ = {isa = PBXBuildFile; fileRef = 5D4EDB9F29E1E0F300DC8D43 /* TimeKeepApp.swift */; };
		5D4EDBA229E1E0F300DC8D43 /* ContentView.swift in Sources */ = {isa = PBXBuildFile; fileRef = 5D4EDBA129E1E0F300DC8D43 /* ContentView.swift */; };
		5D4EDBA429E1E0F500DC8D43 /* Assets.xcassets in Resources */ = {isa = PBXBuildFile; fileRef = 5D4EDBA329E1E0F500DC8D43 /* Assets.xcassets */; };
		5D4EDBA829E1E0F500DC8D43 /* Preview Assets.xcassets in Resources */ = {isa = PBXBuildFile; fileRef = 5D4EDBA729E1E0F500DC8D43 /* Preview Assets.xcassets */; };
		5D4EDBAF29E1E14100DC8D43 /* Domain.swift in Sources */ = {isa = PBXBuildFile; fileRef = 5D4EDBAE29E1E14100DC8D43 /* Domain.swift */; };
		5D4EDBB729E1E3B900DC8D43 /* TimeUtilities.swift in Sources */ = {isa = PBXBuildFile; fileRef = 5D4EDBB629E1E3B900DC8D43 /* TimeUtilities.swift */; };
		5D7BDFB52ABF6361002459FF /* ComposableArchitecture in Frameworks */ = {isa = PBXBuildFile; productRef = 5D7BDFB42ABF6361002459FF /* ComposableArchitecture */; };
		5D7BDFB82ABF6396002459FF /* Tagged in Frameworks */ = {isa = PBXBuildFile; productRef = 5D7BDFB72ABF6396002459FF /* Tagged */; };
		5DB651C329F456FA0023A5A1 /* TimeKeepTests.swift in Sources */ = {isa = PBXBuildFile; fileRef = 5DB651C229F456FA0023A5A1 /* TimeKeepTests.swift */; };
/* End PBXBuildFile section */

/* Begin PBXContainerItemProxy section */
		5DB651C429F456FA0023A5A1 /* PBXContainerItemProxy */ = {
			isa = PBXContainerItemProxy;
			containerPortal = 5D4EDB9429E1E0F300DC8D43 /* Project object */;
			proxyType = 1;
			remoteGlobalIDString = 5D4EDB9B29E1E0F300DC8D43;
			remoteInfo = TimeKeep;
		};
/* End PBXContainerItemProxy section */

/* Begin PBXFileReference section */
		5D2E56862AC86DAE0039ADB5 /* ProjectsListFeature.swift */ = {isa = PBXFileReference; lastKnownFileType = sourcecode.swift; path = ProjectsListFeature.swift; sourceTree = "<group>"; };
		5D4EDB9C29E1E0F300DC8D43 /* TimeKeep.app */ = {isa = PBXFileReference; explicitFileType = wrapper.application; includeInIndex = 0; path = TimeKeep.app; sourceTree = BUILT_PRODUCTS_DIR; };
		5D4EDB9F29E1E0F300DC8D43 /* TimeKeepApp.swift */ = {isa = PBXFileReference; lastKnownFileType = sourcecode.swift; path = TimeKeepApp.swift; sourceTree = "<group>"; };
		5D4EDBA129E1E0F300DC8D43 /* ContentView.swift */ = {isa = PBXFileReference; lastKnownFileType = sourcecode.swift; path = ContentView.swift; sourceTree = "<group>"; };
		5D4EDBA329E1E0F500DC8D43 /* Assets.xcassets */ = {isa = PBXFileReference; lastKnownFileType = folder.assetcatalog; path = Assets.xcassets; sourceTree = "<group>"; };
		5D4EDBA529E1E0F500DC8D43 /* TimeKeep.entitlements */ = {isa = PBXFileReference; lastKnownFileType = text.plist.entitlements; path = TimeKeep.entitlements; sourceTree = "<group>"; };
		5D4EDBA729E1E0F500DC8D43 /* Preview Assets.xcassets */ = {isa = PBXFileReference; lastKnownFileType = folder.assetcatalog; path = "Preview Assets.xcassets"; sourceTree = "<group>"; };
		5D4EDBAE29E1E14100DC8D43 /* Domain.swift */ = {isa = PBXFileReference; lastKnownFileType = sourcecode.swift; path = Domain.swift; sourceTree = "<group>"; };
		5D4EDBB629E1E3B900DC8D43 /* TimeUtilities.swift */ = {isa = PBXFileReference; lastKnownFileType = sourcecode.swift; path = TimeUtilities.swift; sourceTree = "<group>"; };
		5DB651C029F456FA0023A5A1 /* TimeKeepTests.xctest */ = {isa = PBXFileReference; explicitFileType = wrapper.cfbundle; includeInIndex = 0; path = TimeKeepTests.xctest; sourceTree = BUILT_PRODUCTS_DIR; };
		5DB651C229F456FA0023A5A1 /* TimeKeepTests.swift */ = {isa = PBXFileReference; lastKnownFileType = sourcecode.swift; path = TimeKeepTests.swift; sourceTree = "<group>"; };
/* End PBXFileReference section */

/* Begin PBXFrameworksBuildPhase section */
		5D4EDB9929E1E0F300DC8D43 /* Frameworks */ = {
			isa = PBXFrameworksBuildPhase;
			buildActionMask = 2147483647;
			files = (
				5D7BDFB82ABF6396002459FF /* Tagged in Frameworks */,
				5D7BDFB52ABF6361002459FF /* ComposableArchitecture in Frameworks */,
			);
			runOnlyForDeploymentPostprocessing = 0;
		};
		5DB651BD29F456FA0023A5A1 /* Frameworks */ = {
			isa = PBXFrameworksBuildPhase;
			buildActionMask = 2147483647;
			files = (
			);
			runOnlyForDeploymentPostprocessing = 0;
		};
/* End PBXFrameworksBuildPhase section */

/* Begin PBXGroup section */
		5D4EDB9329E1E0F300DC8D43 = {
			isa = PBXGroup;
			children = (
				5D4EDB9E29E1E0F300DC8D43 /* TimeKeep */,
				5DB651C129F456FA0023A5A1 /* TimeKeepTests */,
				5D4EDB9D29E1E0F300DC8D43 /* Products */,
			);
			sourceTree = "<group>";
		};
		5D4EDB9D29E1E0F300DC8D43 /* Products */ = {
			isa = PBXGroup;
			children = (
				5D4EDB9C29E1E0F300DC8D43 /* TimeKeep.app */,
				5DB651C029F456FA0023A5A1 /* TimeKeepTests.xctest */,
			);
			name = Products;
			sourceTree = "<group>";
		};
		5D4EDB9E29E1E0F300DC8D43 /* TimeKeep */ = {
			isa = PBXGroup;
			children = (
				5D4EDB9F29E1E0F300DC8D43 /* TimeKeepApp.swift */,
				5D4EDBA129E1E0F300DC8D43 /* ContentView.swift */,
				5D4EDBAE29E1E14100DC8D43 /* Domain.swift */,
				5D4EDBB629E1E3B900DC8D43 /* TimeUtilities.swift */,
				5D2E56862AC86DAE0039ADB5 /* ProjectsListFeature.swift */,
				5D4EDBA329E1E0F500DC8D43 /* Assets.xcassets */,
				5D4EDBA529E1E0F500DC8D43 /* TimeKeep.entitlements */,
				5D4EDBA629E1E0F500DC8D43 /* Preview Content */,
			);
			path = TimeKeep;
			sourceTree = "<group>";
		};
		5D4EDBA629E1E0F500DC8D43 /* Preview Content */ = {
			isa = PBXGroup;
			children = (
				5D4EDBA729E1E0F500DC8D43 /* Preview Assets.xcassets */,
			);
			path = "Preview Content";
			sourceTree = "<group>";
		};
		5DB651C129F456FA0023A5A1 /* TimeKeepTests */ = {
			isa = PBXGroup;
			children = (
				5DB651C229F456FA0023A5A1 /* TimeKeepTests.swift */,
			);
			path = TimeKeepTests;
			sourceTree = "<group>";
		};
/* End PBXGroup section */

/* Begin PBXNativeTarget section */
		5D4EDB9B29E1E0F300DC8D43 /* TimeKeep */ = {
			isa = PBXNativeTarget;
			buildConfigurationList = 5D4EDBAB29E1E0F500DC8D43 /* Build configuration list for PBXNativeTarget "TimeKeep" */;
			buildPhases = (
				5D4EDB9829E1E0F300DC8D43 /* Sources */,
				5D4EDB9929E1E0F300DC8D43 /* Frameworks */,
				5D4EDB9A29E1E0F300DC8D43 /* Resources */,
			);
			buildRules = (
			);
			dependencies = (
			);
			name = TimeKeep;
			packageProductDependencies = (
				5D7BDFB42ABF6361002459FF /* ComposableArchitecture */,
				5D7BDFB72ABF6396002459FF /* Tagged */,
			);
			productName = TimeKeep;
			productReference = 5D4EDB9C29E1E0F300DC8D43 /* TimeKeep.app */;
			productType = "com.apple.product-type.application";
		};
		5DB651BF29F456FA0023A5A1 /* TimeKeepTests */ = {
			isa = PBXNativeTarget;
			buildConfigurationList = 5DB651C829F456FA0023A5A1 /* Build configuration list for PBXNativeTarget "TimeKeepTests" */;
			buildPhases = (
				5DB651BC29F456FA0023A5A1 /* Sources */,
				5DB651BD29F456FA0023A5A1 /* Frameworks */,
				5DB651BE29F456FA0023A5A1 /* Resources */,
			);
			buildRules = (
			);
			dependencies = (
				5DB651C529F456FA0023A5A1 /* PBXTargetDependency */,
			);
			name = TimeKeepTests;
			productName = TimeKeepTests;
			productReference = 5DB651C029F456FA0023A5A1 /* TimeKeepTests.xctest */;
			productType = "com.apple.product-type.bundle.unit-test";
		};
/* End PBXNativeTarget section */

/* Begin PBXProject section */
		5D4EDB9429E1E0F300DC8D43 /* Project object */ = {
			isa = PBXProject;
			attributes = {
				BuildIndependentTargetsInParallel = 1;
				LastSwiftUpdateCheck = 1430;
				LastUpgradeCheck = 1500;
				TargetAttributes = {
					5D4EDB9B29E1E0F300DC8D43 = {
						CreatedOnToolsVersion = 14.2;
					};
					5DB651BF29F456FA0023A5A1 = {
						CreatedOnToolsVersion = 14.3;
						TestTargetID = 5D4EDB9B29E1E0F300DC8D43;
					};
				};
			};
			buildConfigurationList = 5D4EDB9729E1E0F300DC8D43 /* Build configuration list for PBXProject "TimeKeep" */;
			compatibilityVersion = "Xcode 14.0";
			developmentRegion = en;
			hasScannedForEncodings = 0;
			knownRegions = (
				en,
				Base,
			);
			mainGroup = 5D4EDB9329E1E0F300DC8D43;
			packageReferences = (
				5D7BDFB32ABF6361002459FF /* XCRemoteSwiftPackageReference "swift-composable-architecture" */,
				5D7BDFB62ABF6396002459FF /* XCRemoteSwiftPackageReference "swift-tagged" */,
			);
			productRefGroup = 5D4EDB9D29E1E0F300DC8D43 /* Products */;
			projectDirPath = "";
			projectRoot = "";
			targets = (
				5D4EDB9B29E1E0F300DC8D43 /* TimeKeep */,
				5DB651BF29F456FA0023A5A1 /* TimeKeepTests */,
			);
		};
/* End PBXProject section */

/* Begin PBXResourcesBuildPhase section */
		5D4EDB9A29E1E0F300DC8D43 /* Resources */ = {
			isa = PBXResourcesBuildPhase;
			buildActionMask = 2147483647;
			files = (
				5D4EDBA829E1E0F500DC8D43 /* Preview Assets.xcassets in Resources */,
				5D4EDBA429E1E0F500DC8D43 /* Assets.xcassets in Resources */,
			);
			runOnlyForDeploymentPostprocessing = 0;
		};
		5DB651BE29F456FA0023A5A1 /* Resources */ = {
			isa = PBXResourcesBuildPhase;
			buildActionMask = 2147483647;
			files = (
			);
			runOnlyForDeploymentPostprocessing = 0;
		};
/* End PBXResourcesBuildPhase section */

/* Begin PBXSourcesBuildPhase section */
		5D4EDB9829E1E0F300DC8D43 /* Sources */ = {
			isa = PBXSourcesBuildPhase;
			buildActionMask = 2147483647;
			files = (
				5D2E56872AC86DAE0039ADB5 /* ProjectsListFeature.swift in Sources */,
				5D4EDBA229E1E0F300DC8D43 /* ContentView.swift in Sources */,
				5D4EDBB729E1E3B900DC8D43 /* TimeUtilities.swift in Sources */,
				5D4EDBA029E1E0F300DC8D43 /* TimeKeepApp.swift in Sources */,
				5D4EDBAF29E1E14100DC8D43 /* Domain.swift in Sources */,
			);
			runOnlyForDeploymentPostprocessing = 0;
		};
		5DB651BC29F456FA0023A5A1 /* Sources */ = {
			isa = PBXSourcesBuildPhase;
			buildActionMask = 2147483647;
			files = (
				5DB651C329F456FA0023A5A1 /* TimeKeepTests.swift in Sources */,
			);
			runOnlyForDeploymentPostprocessing = 0;
		};
/* End PBXSourcesBuildPhase section */

/* Begin PBXTargetDependency section */
		5DB651C529F456FA0023A5A1 /* PBXTargetDependency */ = {
			isa = PBXTargetDependency;
			target = 5D4EDB9B29E1E0F300DC8D43 /* TimeKeep */;
			targetProxy = 5DB651C429F456FA0023A5A1 /* PBXContainerItemProxy */;
		};
/* End PBXTargetDependency section */

/* Begin XCBuildConfiguration section */
		5D4EDBA929E1E0F500DC8D43 /* Debug */ = {
			isa = XCBuildConfiguration;
			buildSettings = {
				ALWAYS_SEARCH_USER_PATHS = NO;
				CLANG_ANALYZER_NONNULL = YES;
				CLANG_ANALYZER_NUMBER_OBJECT_CONVERSION = YES_AGGRESSIVE;
				CLANG_CXX_LANGUAGE_STANDARD = "gnu++20";
				CLANG_ENABLE_MODULES = YES;
				CLANG_ENABLE_OBJC_ARC = YES;
				CLANG_ENABLE_OBJC_WEAK = YES;
				CLANG_WARN_BLOCK_CAPTURE_AUTORELEASING = YES;
				CLANG_WARN_BOOL_CONVERSION = YES;
				CLANG_WARN_COMMA = YES;
				CLANG_WARN_CONSTANT_CONVERSION = YES;
				CLANG_WARN_DEPRECATED_OBJC_IMPLEMENTATIONS = YES;
				CLANG_WARN_DIRECT_OBJC_ISA_USAGE = YES_ERROR;
				CLANG_WARN_DOCUMENTATION_COMMENTS = YES;
				CLANG_WARN_EMPTY_BODY = YES;
				CLANG_WARN_ENUM_CONVERSION = YES;
				CLANG_WARN_INFINITE_RECURSION = YES;
				CLANG_WARN_INT_CONVERSION = YES;
				CLANG_WARN_NON_LITERAL_NULL_CONVERSION = YES;
				CLANG_WARN_OBJC_IMPLICIT_RETAIN_SELF = YES;
				CLANG_WARN_OBJC_LITERAL_CONVERSION = YES;
				CLANG_WARN_OBJC_ROOT_CLASS = YES_ERROR;
				CLANG_WARN_QUOTED_INCLUDE_IN_FRAMEWORK_HEADER = YES;
				CLANG_WARN_RANGE_LOOP_ANALYSIS = YES;
				CLANG_WARN_STRICT_PROTOTYPES = YES;
				CLANG_WARN_SUSPICIOUS_MOVE = YES;
				CLANG_WARN_UNGUARDED_AVAILABILITY = YES_AGGRESSIVE;
				CLANG_WARN_UNREACHABLE_CODE = YES;
				CLANG_WARN__DUPLICATE_METHOD_MATCH = YES;
				COPY_PHASE_STRIP = NO;
				DEAD_CODE_STRIPPING = YES;
				DEBUG_INFORMATION_FORMAT = dwarf;
				ENABLE_STRICT_OBJC_MSGSEND = YES;
				ENABLE_TESTABILITY = YES;
				ENABLE_USER_SCRIPT_SANDBOXING = YES;
				GCC_C_LANGUAGE_STANDARD = gnu11;
				GCC_DYNAMIC_NO_PIC = NO;
				GCC_NO_COMMON_BLOCKS = YES;
				GCC_OPTIMIZATION_LEVEL = 0;
				GCC_PREPROCESSOR_DEFINITIONS = (
					"DEBUG=1",
					"$(inherited)",
				);
				GCC_WARN_64_TO_32_BIT_CONVERSION = YES;
				GCC_WARN_ABOUT_RETURN_TYPE = YES_ERROR;
				GCC_WARN_UNDECLARED_SELECTOR = YES;
				GCC_WARN_UNINITIALIZED_AUTOS = YES_AGGRESSIVE;
				GCC_WARN_UNUSED_FUNCTION = YES;
				GCC_WARN_UNUSED_VARIABLE = YES;
				MTL_ENABLE_DEBUG_INFO = INCLUDE_SOURCE;
				MTL_FAST_MATH = YES;
				ONLY_ACTIVE_ARCH = YES;
				SWIFT_ACTIVE_COMPILATION_CONDITIONS = DEBUG;
				SWIFT_OPTIMIZATION_LEVEL = "-Onone";
			};
			name = Debug;
		};
		5D4EDBAA29E1E0F500DC8D43 /* Release */ = {
			isa = XCBuildConfiguration;
			buildSettings = {
				ALWAYS_SEARCH_USER_PATHS = NO;
				CLANG_ANALYZER_NONNULL = YES;
				CLANG_ANALYZER_NUMBER_OBJECT_CONVERSION = YES_AGGRESSIVE;
				CLANG_CXX_LANGUAGE_STANDARD = "gnu++20";
				CLANG_ENABLE_MODULES = YES;
				CLANG_ENABLE_OBJC_ARC = YES;
				CLANG_ENABLE_OBJC_WEAK = YES;
				CLANG_WARN_BLOCK_CAPTURE_AUTORELEASING = YES;
				CLANG_WARN_BOOL_CONVERSION = YES;
				CLANG_WARN_COMMA = YES;
				CLANG_WARN_CONSTANT_CONVERSION = YES;
				CLANG_WARN_DEPRECATED_OBJC_IMPLEMENTATIONS = YES;
				CLANG_WARN_DIRECT_OBJC_ISA_USAGE = YES_ERROR;
				CLANG_WARN_DOCUMENTATION_COMMENTS = YES;
				CLANG_WARN_EMPTY_BODY = YES;
				CLANG_WARN_ENUM_CONVERSION = YES;
				CLANG_WARN_INFINITE_RECURSION = YES;
				CLANG_WARN_INT_CONVERSION = YES;
				CLANG_WARN_NON_LITERAL_NULL_CONVERSION = YES;
				CLANG_WARN_OBJC_IMPLICIT_RETAIN_SELF = YES;
				CLANG_WARN_OBJC_LITERAL_CONVERSION = YES;
				CLANG_WARN_OBJC_ROOT_CLASS = YES_ERROR;
				CLANG_WARN_QUOTED_INCLUDE_IN_FRAMEWORK_HEADER = YES;
				CLANG_WARN_RANGE_LOOP_ANALYSIS = YES;
				CLANG_WARN_STRICT_PROTOTYPES = YES;
				CLANG_WARN_SUSPICIOUS_MOVE = YES;
				CLANG_WARN_UNGUARDED_AVAILABILITY = YES_AGGRESSIVE;
				CLANG_WARN_UNREACHABLE_CODE = YES;
				CLANG_WARN__DUPLICATE_METHOD_MATCH = YES;
				COPY_PHASE_STRIP = NO;
				DEAD_CODE_STRIPPING = YES;
				DEBUG_INFORMATION_FORMAT = "dwarf-with-dsym";
				ENABLE_NS_ASSERTIONS = NO;
				ENABLE_STRICT_OBJC_MSGSEND = YES;
				ENABLE_USER_SCRIPT_SANDBOXING = YES;
				GCC_C_LANGUAGE_STANDARD = gnu11;
				GCC_NO_COMMON_BLOCKS = YES;
				GCC_WARN_64_TO_32_BIT_CONVERSION = YES;
				GCC_WARN_ABOUT_RETURN_TYPE = YES_ERROR;
				GCC_WARN_UNDECLARED_SELECTOR = YES;
				GCC_WARN_UNINITIALIZED_AUTOS = YES_AGGRESSIVE;
				GCC_WARN_UNUSED_FUNCTION = YES;
				GCC_WARN_UNUSED_VARIABLE = YES;
				MTL_ENABLE_DEBUG_INFO = NO;
				MTL_FAST_MATH = YES;
				SWIFT_COMPILATION_MODE = wholemodule;
				SWIFT_OPTIMIZATION_LEVEL = "-O";
			};
			name = Release;
		};
		5D4EDBAC29E1E0F500DC8D43 /* Debug */ = {
			isa = XCBuildConfiguration;
			buildSettings = {
				ASSETCATALOG_COMPILER_APPICON_NAME = AppIcon;
				ASSETCATALOG_COMPILER_GLOBAL_ACCENT_COLOR_NAME = AccentColor;
				CODE_SIGN_ENTITLEMENTS = TimeKeep/TimeKeep.entitlements;
				CODE_SIGN_STYLE = Automatic;
				CURRENT_PROJECT_VERSION = 1;
				DEAD_CODE_STRIPPING = YES;
				DEVELOPMENT_ASSET_PATHS = "\"TimeKeep/Preview Content\"";
				DEVELOPMENT_TEAM = Y2JLK838WQ;
				ENABLE_HARDENED_RUNTIME = YES;
				ENABLE_PREVIEWS = YES;
				GENERATE_INFOPLIST_FILE = YES;
				"INFOPLIST_KEY_UIApplicationSceneManifest_Generation[sdk=iphoneos*]" = YES;
				"INFOPLIST_KEY_UIApplicationSceneManifest_Generation[sdk=iphonesimulator*]" = YES;
				"INFOPLIST_KEY_UIApplicationSupportsIndirectInputEvents[sdk=iphoneos*]" = YES;
				"INFOPLIST_KEY_UIApplicationSupportsIndirectInputEvents[sdk=iphonesimulator*]" = YES;
				"INFOPLIST_KEY_UILaunchScreen_Generation[sdk=iphoneos*]" = YES;
				"INFOPLIST_KEY_UILaunchScreen_Generation[sdk=iphonesimulator*]" = YES;
				"INFOPLIST_KEY_UIStatusBarStyle[sdk=iphoneos*]" = UIStatusBarStyleDefault;
				"INFOPLIST_KEY_UIStatusBarStyle[sdk=iphonesimulator*]" = UIStatusBarStyleDefault;
				INFOPLIST_KEY_UISupportedInterfaceOrientations_iPad = "UIInterfaceOrientationPortrait UIInterfaceOrientationPortraitUpsideDown UIInterfaceOrientationLandscapeLeft UIInterfaceOrientationLandscapeRight";
				INFOPLIST_KEY_UISupportedInterfaceOrientations_iPhone = "UIInterfaceOrientationPortrait UIInterfaceOrientationLandscapeLeft UIInterfaceOrientationLandscapeRight";
				IPHONEOS_DEPLOYMENT_TARGET = 16.2;
				LD_RUNPATH_SEARCH_PATHS = "@executable_path/Frameworks";
				"LD_RUNPATH_SEARCH_PATHS[sdk=macosx*]" = "@executable_path/../Frameworks";
				MACOSX_DEPLOYMENT_TARGET = 13.1;
				MARKETING_VERSION = 1.0;
				PRODUCT_BUNDLE_IDENTIFIER = org.rayfix.TimeKeep;
				PRODUCT_NAME = "$(TARGET_NAME)";
				SDKROOT = auto;
				SUPPORTED_PLATFORMS = "iphoneos iphonesimulator macosx";
				SWIFT_EMIT_LOC_STRINGS = YES;
				SWIFT_VERSION = 5.0;
				TARGETED_DEVICE_FAMILY = "1,2";
			};
			name = Debug;
		};
		5D4EDBAD29E1E0F500DC8D43 /* Release */ = {
			isa = XCBuildConfiguration;
			buildSettings = {
				ASSETCATALOG_COMPILER_APPICON_NAME = AppIcon;
				ASSETCATALOG_COMPILER_GLOBAL_ACCENT_COLOR_NAME = AccentColor;
				CODE_SIGN_ENTITLEMENTS = TimeKeep/TimeKeep.entitlements;
				CODE_SIGN_STYLE = Automatic;
				CURRENT_PROJECT_VERSION = 1;
				DEAD_CODE_STRIPPING = YES;
				DEVELOPMENT_ASSET_PATHS = "\"TimeKeep/Preview Content\"";
				DEVELOPMENT_TEAM = Y2JLK838WQ;
				ENABLE_HARDENED_RUNTIME = YES;
				ENABLE_PREVIEWS = YES;
				GENERATE_INFOPLIST_FILE = YES;
				"INFOPLIST_KEY_UIApplicationSceneManifest_Generation[sdk=iphoneos*]" = YES;
				"INFOPLIST_KEY_UIApplicationSceneManifest_Generation[sdk=iphonesimulator*]" = YES;
				"INFOPLIST_KEY_UIApplicationSupportsIndirectInputEvents[sdk=iphoneos*]" = YES;
				"INFOPLIST_KEY_UIApplicationSupportsIndirectInputEvents[sdk=iphonesimulator*]" = YES;
				"INFOPLIST_KEY_UILaunchScreen_Generation[sdk=iphoneos*]" = YES;
				"INFOPLIST_KEY_UILaunchScreen_Generation[sdk=iphonesimulator*]" = YES;
				"INFOPLIST_KEY_UIStatusBarStyle[sdk=iphoneos*]" = UIStatusBarStyleDefault;
				"INFOPLIST_KEY_UIStatusBarStyle[sdk=iphonesimulator*]" = UIStatusBarStyleDefault;
				INFOPLIST_KEY_UISupportedInterfaceOrientations_iPad = "UIInterfaceOrientationPortrait UIInterfaceOrientationPortraitUpsideDown UIInterfaceOrientationLandscapeLeft UIInterfaceOrientationLandscapeRight";
				INFOPLIST_KEY_UISupportedInterfaceOrientations_iPhone = "UIInterfaceOrientationPortrait UIInterfaceOrientationLandscapeLeft UIInterfaceOrientationLandscapeRight";
				IPHONEOS_DEPLOYMENT_TARGET = 16.2;
				LD_RUNPATH_SEARCH_PATHS = "@executable_path/Frameworks";
				"LD_RUNPATH_SEARCH_PATHS[sdk=macosx*]" = "@executable_path/../Frameworks";
				MACOSX_DEPLOYMENT_TARGET = 13.1;
				MARKETING_VERSION = 1.0;
				PRODUCT_BUNDLE_IDENTIFIER = org.rayfix.TimeKeep;
				PRODUCT_NAME = "$(TARGET_NAME)";
				SDKROOT = auto;
				SUPPORTED_PLATFORMS = "iphoneos iphonesimulator macosx";
				SWIFT_EMIT_LOC_STRINGS = YES;
				SWIFT_VERSION = 5.0;
				TARGETED_DEVICE_FAMILY = "1,2";
			};
			name = Release;
		};
		5DB651C629F456FA0023A5A1 /* Debug */ = {
			isa = XCBuildConfiguration;
			buildSettings = {
				BUNDLE_LOADER = "$(TEST_HOST)";
				CODE_SIGN_STYLE = Automatic;
				CURRENT_PROJECT_VERSION = 1;
				DEVELOPMENT_TEAM = Y2JLK838WQ;
				GENERATE_INFOPLIST_FILE = YES;
				IPHONEOS_DEPLOYMENT_TARGET = 16.4;
				MARKETING_VERSION = 1.0;
				PRODUCT_BUNDLE_IDENTIFIER = org.rayfix.TimeKeepTests;
				PRODUCT_NAME = "$(TARGET_NAME)";
				SDKROOT = iphoneos;
				SWIFT_EMIT_LOC_STRINGS = NO;
				SWIFT_VERSION = 5.0;
				TARGETED_DEVICE_FAMILY = "1,2";
				TEST_HOST = "$(BUILT_PRODUCTS_DIR)/TimeKeep.app/$(BUNDLE_EXECUTABLE_FOLDER_PATH)/TimeKeep";
			};
			name = Debug;
		};
		5DB651C729F456FA0023A5A1 /* Release */ = {
			isa = XCBuildConfiguration;
			buildSettings = {
				BUNDLE_LOADER = "$(TEST_HOST)";
				CODE_SIGN_STYLE = Automatic;
				CURRENT_PROJECT_VERSION = 1;
				DEVELOPMENT_TEAM = Y2JLK838WQ;
				GENERATE_INFOPLIST_FILE = YES;
				IPHONEOS_DEPLOYMENT_TARGET = 16.4;
				MARKETING_VERSION = 1.0;
				PRODUCT_BUNDLE_IDENTIFIER = org.rayfix.TimeKeepTests;
				PRODUCT_NAME = "$(TARGET_NAME)";
				SDKROOT = iphoneos;
				SWIFT_EMIT_LOC_STRINGS = NO;
				SWIFT_VERSION = 5.0;
				TARGETED_DEVICE_FAMILY = "1,2";
				TEST_HOST = "$(BUILT_PRODUCTS_DIR)/TimeKeep.app/$(BUNDLE_EXECUTABLE_FOLDER_PATH)/TimeKeep";
				VALIDATE_PRODUCT = YES;
			};
			name = Release;
		};
/* End XCBuildConfiguration section */

/* Begin XCConfigurationList section */
		5D4EDB9729E1E0F300DC8D43 /* Build configuration list for PBXProject "TimeKeep" */ = {
			isa = XCConfigurationList;
			buildConfigurations = (
				5D4EDBA929E1E0F500DC8D43 /* Debug */,
				5D4EDBAA29E1E0F500DC8D43 /* Release */,
			);
			defaultConfigurationIsVisible = 0;
			defaultConfigurationName = Release;
		};
		5D4EDBAB29E1E0F500DC8D43 /* Build configuration list for PBXNativeTarget "TimeKeep" */ = {
			isa = XCConfigurationList;
			buildConfigurations = (
				5D4EDBAC29E1E0F500DC8D43 /* Debug */,
				5D4EDBAD29E1E0F500DC8D43 /* Release */,
			);
			defaultConfigurationIsVisible = 0;
			defaultConfigurationName = Release;
		};
		5DB651C829F456FA0023A5A1 /* Build configuration list for PBXNativeTarget "TimeKeepTests" */ = {
			isa = XCConfigurationList;
			buildConfigurations = (
				5DB651C629F456FA0023A5A1 /* Debug */,
				5DB651C729F456FA0023A5A1 /* Release */,
			);
			defaultConfigurationIsVisible = 0;
			defaultConfigurationName = Release;
		};
/* End XCConfigurationList section */

/* Begin XCRemoteSwiftPackageReference section */
		5D7BDFB32ABF6361002459FF /* XCRemoteSwiftPackageReference "swift-composable-architecture" */ = {
			isa = XCRemoteSwiftPackageReference;
			repositoryURL = "https://github.com/pointfreeco/swift-composable-architecture.git";
			requirement = {
				kind = upToNextMajorVersion;
				minimumVersion = 1.2.0;
			};
		};
		5D7BDFB62ABF6396002459FF /* XCRemoteSwiftPackageReference "swift-tagged" */ = {
			isa = XCRemoteSwiftPackageReference;
			repositoryURL = "https://github.com/pointfreeco/swift-tagged.git";
			requirement = {
				kind = upToNextMajorVersion;
				minimumVersion = 0.10.0;
			};
		};
/* End XCRemoteSwiftPackageReference section */

/* Begin XCSwiftPackageProductDependency section */
		5D7BDFB42ABF6361002459FF /* ComposableArchitecture */ = {
			isa = XCSwiftPackageProductDependency;
			package = 5D7BDFB32ABF6361002459FF /* XCRemoteSwiftPackageReference "swift-composable-architecture" */;
			productName = ComposableArchitecture;
		};
		5D7BDFB72ABF6396002459FF /* Tagged */ = {
			isa = XCSwiftPackageProductDependency;
			package = 5D7BDFB62ABF6396002459FF /* XCRemoteSwiftPackageReference "swift-tagged" */;
			productName = Tagged;
		};
/* End XCSwiftPackageProductDependency section */
	};
	rootObject = 5D4EDB9429E1E0F300DC8D43 /* Project object */;
}
